
Microsoft Visual Studio Solution File, Format Version 12.00
# Visual Studio Version 16
VisualStudioVersion = 16.0.29519.181
MinimumVisualStudioVersion = 10.0.40219.1
Project("{8BC9CEB8-8B4A-11D0-8D11-00A0C91BC942}") = "OpenVINO_CV", "VSourceShared\VSourceShared.vcxproj", "{AA7E28D4-C921-41F1-81DD-894741350806}"
EndProject
Project("{8BC9CEB8-8B4A-11D0-8D11-00A0C91BC942}") = "OpenVINO_CV_Lib_Static", "OpenVINO_CV_Lib_Static\OpenVINO_CV_Lib_Static.vcxproj", "{49070D98-5636-4CE1-BBB9-BC2F7F1A433D}"
EndProject
Global
	GlobalSection(SolutionConfigurationPlatforms) = preSolution
		Debug|x64 = Debug|x64
		Debug|x86 = Debug|x86
		Release|x64 = Release|x64
		Release|x86 = Release|x86
	EndGlobalSection
	GlobalSection(ProjectConfigurationPlatforms) = postSolution
		{AA7E28D4-C921-41F1-81DD-894741350806}.Debug|x64.ActiveCfg = Debug|x64
		{AA7E28D4-C921-41F1-81DD-894741350806}.Debug|x64.Build.0 = Debug|x64
		{AA7E28D4-C921-41F1-81DD-894741350806}.Debug|x86.ActiveCfg = Debug|Win32
		{AA7E28D4-C921-41F1-81DD-894741350806}.Debug|x86.Build.0 = Debug|Win32
		{AA7E28D4-C921-41F1-81DD-894741350806}.Release|x64.ActiveCfg = Release|x64
		{AA7E28D4-C921-41F1-81DD-894741350806}.Release|x64.Build.0 = Release|x64
		{AA7E28D4-C921-41F1-81DD-894741350806}.Release|x86.ActiveCfg = Release|Win32
		{AA7E28D4-C921-41F1-81DD-894741350806}.Release|x86.Build.0 = Release|Win32
		{49070D98-5636-4CE1-BBB9-BC2F7F1A433D}.Debug|x64.ActiveCfg = Debug|x64
		{49070D98-5636-4CE1-BBB9-BC2F7F1A433D}.Debug|x64.Build.0 = Debug|x64
		{49070D98-5636-4CE1-BBB9-BC2F7F1A433D}.Debug|x86.ActiveCfg = Debug|Win32
		{49070D98-5636-4CE1-BBB9-BC2F7F1A433D}.Debug|x86.Build.0 = Debug|Win32
		{49070D98-5636-4CE1-BBB9-BC2F7F1A433D}.Release|x64.ActiveCfg = Release|x64
		{49070D98-5636-4CE1-BBB9-BC2F7F1A433D}.Release|x64.Build.0 = Release|x64
		{49070D98-5636-4CE1-BBB9-BC2F7F1A433D}.Release|x86.ActiveCfg = Release|Win32
		{49070D98-5636-4CE1-BBB9-BC2F7F1A433D}.Release|x86.Build.0 = Release|Win32
	EndGlobalSection
	GlobalSection(SolutionProperties) = preSolution
		HideSolutionNode = FALSE
	EndGlobalSection
	GlobalSection(ExtensibilityGlobals) = postSolution
		SolutionGuid = {D9A63DFC-1256-4860-A5D5-7ACDD7AE27BC}
	EndGlobalSection
EndGlobal
