
Microsoft Visual Studio Solution File, Format Version 12.00
# Visual Studio Version 16
VisualStudioVersion = 16.0.29519.181
MinimumVisualStudioVersion = 10.0.40219.1
Project("{8BC9CEB8-8B4A-11D0-8D11-00A0C91BC942}") = "OpenVINO_CV_Lib_Static", "OpenVINO_CV_Lib_Static\OpenVINO_CV_Lib_Static.vcxproj", "{49070D98-5636-4CE1-BBB9-BC2F7F1A433D}"
EndProject
Project("{8BC9CEB8-8B4A-11D0-8D11-00A0C91BC942}") = "HumanPoseEstimation2D", "HumanPoseEstimation2D\HumanPoseEstimation2D.vcxproj", "{C372F419-5DC6-418B-9FD6-B0229E8D603F}"
EndProject
Project("{2150E333-8FDC-42A3-9474-1A3956D46DE8}") = "Solution Items", "Solution Items", "{C5CA991A-F560-4BFE-94A1-C86D7BC81FED}"
	ProjectSection(SolutionItems) = preProject
		Readme.md = Readme.md
	EndProjectSection
EndProject
Project("{8BC9CEB8-8B4A-11D0-8D11-00A0C91BC942}") = "VideoSourceShared", "VideoSourceShared\VideoSourceShared.vcxproj", "{C7628109-9942-410D-AC75-8D220D732E9A}"
EndProject
Project("{8BC9CEB8-8B4A-11D0-8D11-00A0C91BC942}") = "IEInfo", "IEInfo\IEInfo.vcxproj", "{A1802DAB-14B4-470C-BA31-C9E555C6DFBA}"
EndProject
Project("{8BC9CEB8-8B4A-11D0-8D11-00A0C91BC942}") = "HumanPoseEstimation3D", "HumanPoseEstimation3D\HumanPoseEstimation3D.vcxproj", "{F25064F8-E32C-47E7-9873-F8DC0FDB717B}"
EndProject
Project("{8BC9CEB8-8B4A-11D0-8D11-00A0C91BC942}") = "InteractiveFaceDetection", "InteractiveFaceDetection\InteractiveFaceDetection.vcxproj", "{84F798AE-10D7-43D4-8B47-8E2B825FAADE}"
EndProject
Project("{8BC9CEB8-8B4A-11D0-8D11-00A0C91BC942}") = "ObjectsDetection", "ObjectsDetection\ObjectsDetection.vcxproj", "{90F7BB57-60A4-474E-AC66-769974400A3F}"
EndProject
Project("{8BC9CEB8-8B4A-11D0-8D11-00A0C91BC942}") = "OpenPoseDetection", "OpenPoseDetection\OpenPoseDetection.vcxproj", "{AF67CED8-5D7B-434B-A438-F27E7A557EBB}"
EndProject
Global
	GlobalSection(SolutionConfigurationPlatforms) = preSolution
		Debug|x64 = Debug|x64
		Debug|x86 = Debug|x86
		Release|x64 = Release|x64
		Release|x86 = Release|x86
	EndGlobalSection
	GlobalSection(ProjectConfigurationPlatforms) = postSolution
		{49070D98-5636-4CE1-BBB9-BC2F7F1A433D}.Debug|x64.ActiveCfg = Debug|x64
		{49070D98-5636-4CE1-BBB9-BC2F7F1A433D}.Debug|x64.Build.0 = Debug|x64
		{49070D98-5636-4CE1-BBB9-BC2F7F1A433D}.Debug|x86.ActiveCfg = Debug|Win32
		{49070D98-5636-4CE1-BBB9-BC2F7F1A433D}.Debug|x86.Build.0 = Debug|Win32
		{49070D98-5636-4CE1-BBB9-BC2F7F1A433D}.Release|x64.ActiveCfg = Release|x64
		{49070D98-5636-4CE1-BBB9-BC2F7F1A433D}.Release|x64.Build.0 = Release|x64
		{49070D98-5636-4CE1-BBB9-BC2F7F1A433D}.Release|x86.ActiveCfg = Release|Win32
		{49070D98-5636-4CE1-BBB9-BC2F7F1A433D}.Release|x86.Build.0 = Release|Win32
		{C372F419-5DC6-418B-9FD6-B0229E8D603F}.Debug|x64.ActiveCfg = Debug|x64
		{C372F419-5DC6-418B-9FD6-B0229E8D603F}.Debug|x64.Build.0 = Debug|x64
		{C372F419-5DC6-418B-9FD6-B0229E8D603F}.Debug|x86.ActiveCfg = Debug|Win32
		{C372F419-5DC6-418B-9FD6-B0229E8D603F}.Debug|x86.Build.0 = Debug|Win32
		{C372F419-5DC6-418B-9FD6-B0229E8D603F}.Release|x64.ActiveCfg = Release|x64
		{C372F419-5DC6-418B-9FD6-B0229E8D603F}.Release|x64.Build.0 = Release|x64
		{C372F419-5DC6-418B-9FD6-B0229E8D603F}.Release|x86.ActiveCfg = Release|Win32
		{C372F419-5DC6-418B-9FD6-B0229E8D603F}.Release|x86.Build.0 = Release|Win32
		{C7628109-9942-410D-AC75-8D220D732E9A}.Debug|x64.ActiveCfg = Debug|x64
		{C7628109-9942-410D-AC75-8D220D732E9A}.Debug|x64.Build.0 = Debug|x64
		{C7628109-9942-410D-AC75-8D220D732E9A}.Debug|x86.ActiveCfg = Debug|Win32
		{C7628109-9942-410D-AC75-8D220D732E9A}.Debug|x86.Build.0 = Debug|Win32
		{C7628109-9942-410D-AC75-8D220D732E9A}.Release|x64.ActiveCfg = Release|x64
		{C7628109-9942-410D-AC75-8D220D732E9A}.Release|x64.Build.0 = Release|x64
		{C7628109-9942-410D-AC75-8D220D732E9A}.Release|x86.ActiveCfg = Release|Win32
		{C7628109-9942-410D-AC75-8D220D732E9A}.Release|x86.Build.0 = Release|Win32
		{A1802DAB-14B4-470C-BA31-C9E555C6DFBA}.Debug|x64.ActiveCfg = Debug|x64
		{A1802DAB-14B4-470C-BA31-C9E555C6DFBA}.Debug|x64.Build.0 = Debug|x64
		{A1802DAB-14B4-470C-BA31-C9E555C6DFBA}.Debug|x86.ActiveCfg = Debug|Win32
		{A1802DAB-14B4-470C-BA31-C9E555C6DFBA}.Debug|x86.Build.0 = Debug|Win32
		{A1802DAB-14B4-470C-BA31-C9E555C6DFBA}.Release|x64.ActiveCfg = Release|x64
		{A1802DAB-14B4-470C-BA31-C9E555C6DFBA}.Release|x64.Build.0 = Release|x64
		{A1802DAB-14B4-470C-BA31-C9E555C6DFBA}.Release|x86.ActiveCfg = Release|Win32
		{A1802DAB-14B4-470C-BA31-C9E555C6DFBA}.Release|x86.Build.0 = Release|Win32
		{F25064F8-E32C-47E7-9873-F8DC0FDB717B}.Debug|x64.ActiveCfg = Debug|x64
		{F25064F8-E32C-47E7-9873-F8DC0FDB717B}.Debug|x64.Build.0 = Debug|x64
		{F25064F8-E32C-47E7-9873-F8DC0FDB717B}.Debug|x86.ActiveCfg = Debug|Win32
		{F25064F8-E32C-47E7-9873-F8DC0FDB717B}.Debug|x86.Build.0 = Debug|Win32
		{F25064F8-E32C-47E7-9873-F8DC0FDB717B}.Release|x64.ActiveCfg = Release|x64
		{F25064F8-E32C-47E7-9873-F8DC0FDB717B}.Release|x64.Build.0 = Release|x64
		{F25064F8-E32C-47E7-9873-F8DC0FDB717B}.Release|x86.ActiveCfg = Release|Win32
		{F25064F8-E32C-47E7-9873-F8DC0FDB717B}.Release|x86.Build.0 = Release|Win32
		{84F798AE-10D7-43D4-8B47-8E2B825FAADE}.Debug|x64.ActiveCfg = Debug|x64
		{84F798AE-10D7-43D4-8B47-8E2B825FAADE}.Debug|x64.Build.0 = Debug|x64
		{84F798AE-10D7-43D4-8B47-8E2B825FAADE}.Debug|x86.ActiveCfg = Debug|Win32
		{84F798AE-10D7-43D4-8B47-8E2B825FAADE}.Debug|x86.Build.0 = Debug|Win32
		{84F798AE-10D7-43D4-8B47-8E2B825FAADE}.Release|x64.ActiveCfg = Release|x64
		{84F798AE-10D7-43D4-8B47-8E2B825FAADE}.Release|x64.Build.0 = Release|x64
		{84F798AE-10D7-43D4-8B47-8E2B825FAADE}.Release|x86.ActiveCfg = Release|Win32
		{84F798AE-10D7-43D4-8B47-8E2B825FAADE}.Release|x86.Build.0 = Release|Win32
		{90F7BB57-60A4-474E-AC66-769974400A3F}.Debug|x64.ActiveCfg = Debug|x64
		{90F7BB57-60A4-474E-AC66-769974400A3F}.Debug|x64.Build.0 = Debug|x64
		{90F7BB57-60A4-474E-AC66-769974400A3F}.Debug|x86.ActiveCfg = Debug|Win32
		{90F7BB57-60A4-474E-AC66-769974400A3F}.Debug|x86.Build.0 = Debug|Win32
		{90F7BB57-60A4-474E-AC66-769974400A3F}.Release|x64.ActiveCfg = Release|x64
		{90F7BB57-60A4-474E-AC66-769974400A3F}.Release|x64.Build.0 = Release|x64
		{90F7BB57-60A4-474E-AC66-769974400A3F}.Release|x86.ActiveCfg = Release|Win32
		{90F7BB57-60A4-474E-AC66-769974400A3F}.Release|x86.Build.0 = Release|Win32
		{AF67CED8-5D7B-434B-A438-F27E7A557EBB}.Debug|x64.ActiveCfg = Debug|x64
		{AF67CED8-5D7B-434B-A438-F27E7A557EBB}.Debug|x64.Build.0 = Debug|x64
		{AF67CED8-5D7B-434B-A438-F27E7A557EBB}.Debug|x86.ActiveCfg = Debug|Win32
		{AF67CED8-5D7B-434B-A438-F27E7A557EBB}.Debug|x86.Build.0 = Debug|Win32
		{AF67CED8-5D7B-434B-A438-F27E7A557EBB}.Release|x64.ActiveCfg = Release|x64
		{AF67CED8-5D7B-434B-A438-F27E7A557EBB}.Release|x64.Build.0 = Release|x64
		{AF67CED8-5D7B-434B-A438-F27E7A557EBB}.Release|x86.ActiveCfg = Release|Win32
		{AF67CED8-5D7B-434B-A438-F27E7A557EBB}.Release|x86.Build.0 = Release|Win32
	EndGlobalSection
	GlobalSection(SolutionProperties) = preSolution
		HideSolutionNode = FALSE
	EndGlobalSection
	GlobalSection(ExtensibilityGlobals) = postSolution
		SolutionGuid = {D9A63DFC-1256-4860-A5D5-7ACDD7AE27BC}
	EndGlobalSection
EndGlobal
